github.com/blacktop/go-dwarf v1.0.14 h1:OjmzfSgg/qAKckn2tWFebcgKgJ7HOqCj7bS+CiE1lrY=
github.com/blacktop/go-dwarf v1.0.14/go.mod h1:4W2FKgSFYcZLDwnR7k+apv5i3nrau4NGl9N6VQ9DSTo=
github.com/blacktop/go-macho v1.1.257 h1:jp6JnoXMl7Qaih+JxV5b8QVoVPL8PRjHN7mPXnrhyek=
github.com/blacktop/go-macho v1.1.257/go.mod h1:Hc5E2Lvt/U1VT+jOxr1O5l/LNFJeMYK4eAmDfazTiGc=
github.com/davecgh/go-spew v1.1.1 h1:vj9j/u1bqnvCEfJOwUhtlOARqs3+rkHYY13jYWTU97c=
github.com/davecgh/go-spew v1.1.1/go.mod h1:J7Y8YcW2NihsgmVo/mv3lAwl/skON4iLHjSsI+c5H38=
github.com/eliben/watgo v0.8.0 h1:ztDRM0l57ZddUIxdBMk9uXRJeetwfaORK+xmUl+3a1k=
github.com/eliben/watgo v0.8.0/go.mod h1:bGzjtoRhlWSviwGA8Hhl1z8Jcv7s4ogE3oi2cS1IffE=
github.com/goretk/gore v0.14.5 h1:NOrHBiEJfdDvSBteFd6gRvfC84QpFK8ywAJImVOfkBA=
github.com/goretk/gore v0.14.5/go.mod h1:6lFJE8uZD0+Bnq9Tbfpcmbx4PdPUkg2aKIEn4BHyJbY=
github.com/pmezard/go-difflib v1.0.0 h1:4DBwDE0NGyQoBHbLQYPwSUPoCMWR5BEzIk/f1lZbAQM=
github.com/pmezard/go-difflib v1.0.0/go.mod h1:iKH77koFhYxTK1pcRnkKkqfTogsbg7gZNVY4sRDYZ/4=
github.com/stretchr/testify v1.11.1 h1:7s2iGBzp5EwR7/aIZr8ao5+dra3wiQyKjjFuvgVKu7U=
github.com/stretchr/testify v1.11.1/go.mod h1:wZwfW3scLgRK+23gO65QZefKpKQRnfz6sD981Nm4B6U=
golang.org/x/arch v0.23.0 h1:lKF64A2jF6Zd8L0knGltUnegD62JMFBiCPBmQpToHhg=
golang.org/x/arch v0.23.0/go.mod h1:dNHoOeKiyja7GTvF9NJS1l3Z2yntpQNzgrjh1cU103A=
gopkg.in/yaml.v3 v3.0.1 h1:fxVm/GzAzEWqLHuvctI91KS9hhNmmWOoWu0XTYJS7CA=
gopkg.in/yaml.v3 v3.0.1/go.mod h1:K4uyk7z7BCEPqu6E+C64Yfv1cQ7kz7rIZviUmN+EgEM=
